
Microsoft Visual Studio Solution File, Format Version 12.00
# Visual Studio Version 17
VisualStudioVersion = 17.0.31717.71
MinimumVisualStudioVersion = 10.0.40219.1
Project("{FAE04EC0-301F-11D3-BF4B-00C04F79EFBC}") = "Sensores", "Sensores.csproj", "{6633F53C-A857-4EA8-A0A4-77078709A0F3}"
EndProject
Global
	GlobalSection(SolutionConfigurationPlatforms) = preSolution
		Debug|Any CPU = Debug|Any CPU
		Prueba|Any CPU = Prueba|Any CPU
		Release|Any CPU = Release|Any CPU
	EndGlobalSection
	GlobalSection(ProjectConfigurationPlatforms) = postSolution
		{6633F53C-A857-4EA8-A0A4-77078709A0F3}.Debug|Any CPU.ActiveCfg = Debug|Any CPU
		{6633F53C-A857-4EA8-A0A4-77078709A0F3}.Debug|Any CPU.Build.0 = Debug|Any CPU
		{6633F53C-A857-4EA8-A0A4-77078709A0F3}.Prueba|Any CPU.ActiveCfg = Prueba|Any CPU
		{6633F53C-A857-4EA8-A0A4-77078709A0F3}.Prueba|Any CPU.Build.0 = Prueba|Any CPU
		{6633F53C-A857-4EA8-A0A4-77078709A0F3}.Release|Any CPU.ActiveCfg = Release|Any CPU
		{6633F53C-A857-4EA8-A0A4-77078709A0F3}.Release|Any CPU.Build.0 = Release|Any CPU
	EndGlobalSection
	GlobalSection(SolutionProperties) = preSolution
		HideSolutionNode = FALSE
	EndGlobalSection
	GlobalSection(ExtensibilityGlobals) = postSolution
		SolutionGuid = {CA8C2E0F-507F-4314-8F67-558F0173C3F9}
	EndGlobalSection
EndGlobal
